{
  "version": 4,
  "terraform_version": "1.5.7",
  "serial": 32,
  "lineage": "881b4b04-2fc0-7270-ec29-5400799e489f",
  "outputs": {
    "cloudwatch_log_group_name": {
      "value": "/ecs/shopbot",
      "type": "string"
    },
    "ecr_repository_arn": {
      "value": "arn:aws:ecr:ap-south-1:637607366584:repository/shopbot",
      "type": "string"
    },
    "ecr_repository_url": {
      "value": "637607366584.dkr.ecr.ap-south-1.amazonaws.com/shopbot",
      "type": "string"
    },
    "ecs_cluster_arn": {
      "value": "arn:aws:ecs:ap-south-1:637607366584:cluster/shopbot-cluster",
      "type": "string"
    },
    "ecs_cluster_name": {
      "value": "shopbot-cluster",
      "type": "string"
    },
    "ecs_service_arn": {
      "value": "arn:aws:ecs:ap-south-1:637607366584:service/shopbot-cluster/shopbot-service",
      "type": "string"
    },
    "ecs_service_name": {
      "value": "shopbot-service",
      "type": "string"
    },
    "load_balancer_dns": {
      "value": "shopbot-alb-955379436.ap-south-1.elb.amazonaws.com",
      "type": "string"
    },
    "load_balancer_url": {
      "value": "https://shopbot-alb-955379436.ap-south-1.elb.amazonaws.com",
      "type": "string"
    },
    "load_balancer_zone_id": {
      "value": "ZP97RAFLXTNZK",
      "type": "string"
    },
    "security_group_alb_id": {
      "value": "sg-03f5020a85b0c32a8",
      "type": "string"
    },
    "security_group_ecs_id": {
      "value": "sg-0d8ddc709149811da",
      "type": "string"
    },
    "target_group_arn": {
      "value": "arn:aws:elasticloadbalancing:ap-south-1:637607366584:targetgroup/shopbot-tg/e64d87a686fc4fe9",
      "type": "string"
    },
    "task_execution_role_arn": {
      "value": "arn:aws:iam::637607366584:role/shopbot-task-execution-role",
      "type": "string"
    },
    "task_role_arn": {
      "value": "arn:aws:iam::637607366584:role/shopbot-task-role",
      "type": "string"
    }
  },
  "resources": [
    {
      "mode": "data",
      "type": "aws_availability_zones",
      "name": "available",
      "provider": "provider[\"registry.terraform.io/hashicorp/aws\"]",
      "instances": [
        {
          "schema_version": 0,
          "attributes": {
            "all_availability_zones": null,
            "exclude_names": null,
            "exclude_zone_ids": null,
            "filter": null,
            "group_names": [
              "ap-south-1-zg-1"
            ],
            "id": "ap-south-1",
            "names": [
              "ap-south-1a",
              "ap-south-1b",
              "ap-south-1c"
            ],
            "state": "available",
            "timeouts": null,
            "zone_ids": [
              "aps1-az1",
              "aps1-az3",
              "aps1-az2"
            ]
          },
          "sensitive_attributes": []
        }
      ]
    },
    {
      "mode": "data",
      "type": "aws_subnets",
      "name": "alb_subnets",
      "provider": "provider[\"registry.terraform.io/hashicorp/aws\"]",
      "instances": [
        {
          "schema_version": 0,
          "attributes": {
            "filter": [
              {
                "name": "availability-zone",
                "values": [
                  "ap-south-1a",
                  "ap-south-1b"
                ]
              },
              {
                "name": "vpc-id",
                "values": [
                  "vpc-0d94271c1a82d47fb"
                ]
              }
            ],
            "id": "ap-south-1",
            "ids": [
              "subnet-0dcfaa3354a8bb8f0",
              "subnet-031c9929ed76145cf"
            ],
            "tags": null,
            "timeouts": null
          },
          "sensitive_attributes": []
        }
      ]
    },
    {
      "mode": "data",
      "type": "aws_subnets",
      "name": "default",
      "provider": "provider[\"registry.terraform.io/hashicorp/aws\"]",
      "instances": [
        {
          "schema_version": 0,
          "attributes": {
            "filter": [
              {
                "name": "vpc-id",
                "values": [
                  "vpc-0d94271c1a82d47fb"
                ]
              }
            ],
            "id": "ap-south-1",
            "ids": [
              "subnet-0dcfaa3354a8bb8f0",
              "subnet-05069b6b08248618f",
              "subnet-009e7e8c707868edc",
              "subnet-031c9929ed76145cf"
            ],
            "tags": null,
            "timeouts": null
          },
          "sensitive_attributes": []
        }
      ]
    },
    {
      "mode": "data",
      "type": "aws_vpc",
      "name": "default",
      "provider": "provider[\"registry.terraform.io/hashicorp/aws\"]",
      "instances": [
        {
          "schema_version": 0,
          "attributes": {
            "arn": "arn:aws:ec2:ap-south-1:637607366584:vpc/vpc-0d94271c1a82d47fb",
            "cidr_block": "172.31.0.0/16",
            "cidr_block_associations": [
              {
                "association_id": "vpc-cidr-assoc-04367bd8aa140feaf",
                "cidr_block": "172.31.0.0/16",
                "state": "associated"
              }
            ],
            "default": true,
            "dhcp_options_id": "dopt-070d213bd7d047224",
            "enable_dns_hostnames": true,
            "enable_dns_support": true,
            "enable_network_address_usage_metrics": false,
            "filter": null,
            "id": "vpc-0d94271c1a82d47fb",
            "instance_tenancy": "default",
            "ipv6_association_id": "",
            "ipv6_cidr_block": "",
            "main_route_table_id": "rtb-0ff8c6c88e204382d",
            "owner_id": "637607366584",
            "state": null,
            "tags": {},
            "timeouts": null
          },
          "sensitive_attributes": []
        }
      ]
    },
    {
      "mode": "managed",
      "type": "aws_cloudwatch_log_group",
      "name": "app",
      "provider": "provider[\"registry.terraform.io/hashicorp/aws\"]",
      "instances": [
        {
          "schema_version": 0,
          "attributes": {
            "arn": "arn:aws:logs:ap-south-1:637607366584:log-group:/ecs/shopbot",
            "id": "/ecs/shopbot",
            "kms_key_id": "",
            "log_group_class": "STANDARD",
            "name": "/ecs/shopbot",
            "name_prefix": "",
            "retention_in_days": 30,
            "skip_destroy": false,
            "tags": {
              "Application": "shopbot",
              "Environment": "production"
            },
            "tags_all": {
              "Application": "shopbot",
              "Environment": "production"
            }
          },
          "sensitive_attributes": [],
          "private": "bnVsbA=="
        }
      ]
    },
    {
      "mode": "managed",
      "type": "aws_ecr_lifecycle_policy",
      "name": "app",
      "provider": "provider[\"registry.terraform.io/hashicorp/aws\"]",
      "instances": [
        {
          "schema_version": 0,
          "attributes": {
            "id": "shopbot",
            "policy": "{\"rules\":[{\"action\":{\"type\":\"expire\"},\"description\":\"Keep last 10 images\",\"rulePriority\":1,\"selection\":{\"countNumber\":10,\"countType\":\"imageCountMoreThan\",\"tagPrefixList\":[\"v\"],\"tagStatus\":\"tagged\"}}]}",
            "registry_id": "637607366584",
            "repository": "shopbot"
          },
          "sensitive_attributes": [],
          "private": "bnVsbA==",
          "dependencies": [
            "aws_ecr_repository.app"
          ]
        }
      ]
    },
    {
      "mode": "managed",
      "type": "aws_ecr_repository",
      "name": "app",
      "provider": "provider[\"registry.terraform.io/hashicorp/aws\"]",
      "instances": [
        {
          "schema_version": 0,
          "attributes": {
            "arn": "arn:aws:ecr:ap-south-1:637607366584:repository/shopbot",
            "encryption_configuration": [
              {
                "encryption_type": "AES256",
                "kms_key": ""
              }
            ],
            "force_delete": null,
            "id": "shopbot",
            "image_scanning_configuration": [
              {
                "scan_on_push": true
              }
            ],
            "image_tag_mutability": "MUTABLE",
            "name": "shopbot",
            "registry_id": "637607366584",
            "repository_url": "637607366584.dkr.ecr.ap-south-1.amazonaws.com/shopbot",
            "tags": {
              "Application": "shopbot",
              "Environment": "production"
            },
            "tags_all": {
              "Application": "shopbot",
              "Environment": "production"
            },
            "timeouts": null
          },
          "sensitive_attributes": [],
          "private": "eyJlMmJmYjczMC1lY2FhLTExZTYtOGY4OC0zNDM2M2JjN2M0YzAiOnsiZGVsZXRlIjoxMjAwMDAwMDAwMDAwfX0="
        }
      ]
    },
    {
      "mode": "managed",
      "type": "aws_ecs_cluster",
      "name": "app",
      "provider": "provider[\"registry.terraform.io/hashicorp/aws\"]",
      "instances": [
        {
          "schema_version": 0,
          "attributes": {
            "arn": "arn:aws:ecs:ap-south-1:637607366584:cluster/shopbot-cluster",
            "configuration": [],
            "id": "arn:aws:ecs:ap-south-1:637607366584:cluster/shopbot-cluster",
            "name": "shopbot-cluster",
            "service_connect_defaults": [],
            "setting": [
              {
                "name": "containerInsights",
                "value": "enabled"
              }
            ],
            "tags": {
              "Application": "shopbot",
              "Environment": "production"
            },
            "tags_all": {
              "Application": "shopbot",
              "Environment": "production"
            }
          },
          "sensitive_attributes": [],
          "private": "bnVsbA=="
        }
      ]
    },
    {
      "mode": "managed",
      "type": "aws_ecs_cluster_capacity_providers",
      "name": "app",
      "provider": "provider[\"registry.terraform.io/hashicorp/aws\"]",
      "instances": [
        {
          "schema_version": 0,
          "attributes": {
            "capacity_providers": [
              "FARGATE",
              "FARGATE_SPOT"
            ],
            "cluster_name": "shopbot-cluster",
            "default_capacity_provider_strategy": [
              {
                "base": 0,
                "capacity_provider": "FARGATE_SPOT",
                "weight": 1
              },
              {
                "base": 1,
                "capacity_provider": "FARGATE",
                "weight": 1
              }
            ],
            "id": "shopbot-cluster"
          },
          "sensitive_attributes": [],
          "private": "bnVsbA==",
          "dependencies": [
            "aws_ecs_cluster.app"
          ]
        }
      ]
    },
    {
      "mode": "managed",
      "type": "aws_ecs_service",
      "name": "app",
      "provider": "provider[\"registry.terraform.io/hashicorp/aws\"]",
      "instances": [
        {
          "schema_version": 1,
          "attributes": {
            "alarms": [],
            "availability_zone_rebalancing": "DISABLED",
            "capacity_provider_strategy": [],
            "cluster": "arn:aws:ecs:ap-south-1:637607366584:cluster/shopbot-cluster",
            "deployment_circuit_breaker": [
              {
                "enable": false,
                "rollback": false
              }
            ],
            "deployment_controller": [
              {
                "type": "ECS"
              }
            ],
            "deployment_maximum_percent": 200,
            "deployment_minimum_healthy_percent": 100,
            "desired_count": 2,
            "enable_ecs_managed_tags": false,
            "enable_execute_command": true,
            "force_delete": null,
            "force_new_deployment": null,
            "health_check_grace_period_seconds": 300,
            "iam_role": "/aws-service-role/ecs.amazonaws.com/AWSServiceRoleForECS",
            "id": "arn:aws:ecs:ap-south-1:637607366584:service/shopbot-cluster/shopbot-service",
            "launch_type": "FARGATE",
            "load_balancer": [
              {
                "container_name": "shopbot",
                "container_port": 8000,
                "elb_name": "",
                "target_group_arn": "arn:aws:elasticloadbalancing:ap-south-1:637607366584:targetgroup/shopbot-tg/e64d87a686fc4fe9"
              }
            ],
            "name": "shopbot-service",
            "network_configuration": [
              {
                "assign_public_ip": true,
                "security_groups": [
                  "sg-0d8ddc709149811da"
                ],
                "subnets": [
                  "subnet-031c9929ed76145cf",
                  "subnet-05069b6b08248618f",
                  "subnet-0dcfaa3354a8bb8f0"
                ]
              }
            ],
            "ordered_placement_strategy": [],
            "placement_constraints": [],
            "platform_version": "LATEST",
            "propagate_tags": "NONE",
            "scheduling_strategy": "REPLICA",
            "service_connect_configuration": [],
            "service_registries": [],
            "tags": {
              "Application": "shopbot",
              "Environment": "production"
            },
            "tags_all": {
              "Application": "shopbot",
              "Environment": "production"
            },
            "task_definition": "arn:aws:ecs:ap-south-1:637607366584:task-definition/shopbot:2",
            "timeouts": null,
            "triggers": {},
            "volume_configuration": [],
            "vpc_lattice_configurations": [],
            "wait_for_steady_state": false
          },
          "sensitive_attributes": [],
          "private": "eyJlMmJmYjczMC1lY2FhLTExZTYtOGY4OC0zNDM2M2JjN2M0YzAiOnsiY3JlYXRlIjoxMjAwMDAwMDAwMDAwLCJkZWxldGUiOjEyMDAwMDAwMDAwMDAsInVwZGF0ZSI6MTIwMDAwMDAwMDAwMH0sInNjaGVtYV92ZXJzaW9uIjoiMSJ9",
          "dependencies": [
            "aws_ecs_cluster.app",
            "aws_ecs_task_definition.app",
            "aws_lb.app",
            "aws_lb_listener.http",
            "aws_lb_target_group.app",
            "aws_security_group.alb",
            "aws_security_group.ecs",
            "data.aws_vpc.default"
          ]
        }
      ]
    },
    {
      "mode": "managed",
      "type": "aws_ecs_task_definition",
      "name": "app",
      "provider": "provider[\"registry.terraform.io/hashicorp/aws\"]",
      "instances": [
        {
          "schema_version": 1,
          "attributes": {
            "arn": "arn:aws:ecs:ap-south-1:637607366584:task-definition/shopbot:2",
            "arn_without_revision": "arn:aws:ecs:ap-south-1:637607366584:task-definition/shopbot",
            "container_definitions": "[{\"environment\":[{\"name\":\"APP_ENV\",\"value\":\"production\"},{\"name\":\"ASK_ONLY_MODE\",\"value\":\"false\"},{\"name\":\"BOT_LOG_LEVEL\",\"value\":\"STANDARD\"},{\"name\":\"ELASTIC_INDEX\",\"value\":\"flean-v4\"},{\"name\":\"ELASTIC_MAX_RESULTS\",\"value\":\"50\"},{\"name\":\"ELASTIC_TIMEOUT_SECONDS\",\"value\":\"10\"},{\"name\":\"ENABLE_ASYNC\",\"value\":\"false\"},{\"name\":\"FLASK_ENV\",\"value\":\"production\"},{\"name\":\"HISTORY_MAX_SNAPSHOTS\",\"value\":\"5\"},{\"name\":\"HOST\",\"value\":\"0.0.0.0\"},{\"name\":\"LLM_MAX_TOKENS\",\"value\":\"1000\"},{\"name\":\"LLM_MODEL\",\"value\":\"claude-3-5-sonnet-20241022\"},{\"name\":\"LLM_TEMPERATURE\",\"value\":\"0.1\"},{\"name\":\"PORT\",\"value\":\"8000\"},{\"name\":\"REDIS_TTL_SECONDS\",\"value\":\"900\"},{\"name\":\"USE_ASSESSMENT_FOR_ASK_ONLY\",\"value\":\"false\"},{\"name\":\"USE_COMBINED_CLASSIFY_ASSESS\",\"value\":\"false\"},{\"name\":\"USE_CONVERSATION_AWARE_CLASSIFIER\",\"value\":\"false\"},{\"name\":\"USE_TWO_CALL_ES_PIPELINE\",\"value\":\"false\"}],\"essential\":true,\"healthCheck\":{\"command\":[\"CMD-SHELL\",\"python3 -c \\\"import urllib.request; urllib.request.urlopen('http://localhost:8000/health')\\\" || exit 1\"],\"interval\":30,\"retries\":3,\"startPeriod\":60,\"timeout\":5},\"image\":\"637607366584.dkr.ecr.ap-south-1.amazonaws.com/shopbot:latest\",\"logConfiguration\":{\"logDriver\":\"awslogs\",\"options\":{\"awslogs-group\":\"/ecs/shopbot\",\"awslogs-region\":\"ap-south-1\",\"awslogs-stream-prefix\":\"ecs\"}},\"mountPoints\":[],\"name\":\"shopbot\",\"portMappings\":[{\"containerPort\":8000,\"hostPort\":8000,\"protocol\":\"tcp\"}],\"secrets\":[{\"name\":\"ANTHROPIC_API_KEY\",\"valueFrom\":\"arn:aws:secretsmanager:ap-south-1:637607366584:secret:shopping-bot/anthropic-api-key\"},{\"name\":\"ES_API_KEY\",\"valueFrom\":\"arn:aws:secretsmanager:ap-south-1:637607366584:secret:shopping-bot/es-api-key\"},{\"name\":\"ES_URL\",\"valueFrom\":\"arn:aws:secretsmanager:ap-south-1:637607366584:secret:shopping-bot/es-url\"},{\"name\":\"REDIS_HOST\",\"valueFrom\":\"arn:aws:secretsmanager:ap-south-1:637607366584:secret:shopping-bot/redis-host\"},{\"name\":\"REDIS_PORT\",\"valueFrom\":\"arn:aws:secretsmanager:ap-south-1:637607366584:secret:shopping-bot/redis-port\"},{\"name\":\"SECRET_KEY\",\"valueFrom\":\"arn:aws:secretsmanager:ap-south-1:637607366584:secret:shopping-bot/secret-key\"}],\"systemControls\":[],\"volumesFrom\":[]}]",
            "cpu": "512",
            "enable_fault_injection": false,
            "ephemeral_storage": [],
            "execution_role_arn": "arn:aws:iam::637607366584:role/shopbot-task-execution-role",
            "family": "shopbot",
            "id": "shopbot",
            "inference_accelerator": [],
            "ipc_mode": "",
            "memory": "1024",
            "network_mode": "awsvpc",
            "pid_mode": "",
            "placement_constraints": [],
            "proxy_configuration": [],
            "requires_compatibilities": [
              "FARGATE"
            ],
            "revision": 2,
            "runtime_platform": [],
            "skip_destroy": false,
            "tags": {
              "Application": "shopbot",
              "Environment": "production"
            },
            "tags_all": {
              "Application": "shopbot",
              "Environment": "production"
            },
            "task_role_arn": "arn:aws:iam::637607366584:role/shopbot-task-role",
            "track_latest": false,
            "volume": []
          },
          "sensitive_attributes": [],
          "private": "eyJzY2hlbWFfdmVyc2lvbiI6IjEifQ==",
          "dependencies": [
            "aws_cloudwatch_log_group.app",
            "aws_ecr_repository.app",
            "aws_iam_role.task",
            "aws_iam_role.task_execution"
          ]
        }
      ]
    },
    {
      "mode": "managed",
      "type": "aws_iam_role",
      "name": "task",
      "provider": "provider[\"registry.terraform.io/hashicorp/aws\"]",
      "instances": [
        {
          "schema_version": 0,
          "attributes": {
            "arn": "arn:aws:iam::637607366584:role/shopbot-task-role",
            "assume_role_policy": "{\"Statement\":[{\"Action\":\"sts:AssumeRole\",\"Effect\":\"Allow\",\"Principal\":{\"Service\":\"ecs-tasks.amazonaws.com\"}}],\"Version\":\"2012-10-17\"}",
            "create_date": "2025-09-24T14:44:26Z",
            "description": "",
            "force_detach_policies": false,
            "id": "shopbot-task-role",
            "inline_policy": [
              {
                "name": "shopbot-cloudwatch-logs-policy",
                "policy": "{\"Version\":\"2012-10-17\",\"Statement\":[{\"Action\":[\"logs:CreateLogGroup\",\"logs:CreateLogStream\",\"logs:PutLogEvents\"],\"Effect\":\"Allow\",\"Resource\":\"*\"}]}"
              }
            ],
            "managed_policy_arns": [],
            "max_session_duration": 3600,
            "name": "shopbot-task-role",
            "name_prefix": "",
            "path": "/",
            "permissions_boundary": "",
            "tags": {
              "Application": "shopbot",
              "Environment": "production"
            },
            "tags_all": {
              "Application": "shopbot",
              "Environment": "production"
            },
            "unique_id": "AROAZI5C4J64FAP2FUF3Z"
          },
          "sensitive_attributes": [],
          "private": "bnVsbA=="
        }
      ]
    },
    {
      "mode": "managed",
      "type": "aws_iam_role",
      "name": "task_execution",
      "provider": "provider[\"registry.terraform.io/hashicorp/aws\"]",
      "instances": [
        {
          "schema_version": 0,
          "attributes": {
            "arn": "arn:aws:iam::637607366584:role/shopbot-task-execution-role",
            "assume_role_policy": "{\"Statement\":[{\"Action\":\"sts:AssumeRole\",\"Effect\":\"Allow\",\"Principal\":{\"Service\":\"ecs-tasks.amazonaws.com\"}}],\"Version\":\"2012-10-17\"}",
            "create_date": "2025-09-24T14:44:26Z",
            "description": "",
            "force_detach_policies": false,
            "id": "shopbot-task-execution-role",
            "inline_policy": [
              {
                "name": "shopbot-secrets-manager-policy",
                "policy": "{\"Version\":\"2012-10-17\",\"Statement\":[{\"Action\":[\"secretsmanager:GetSecretValue\"],\"Effect\":\"Allow\",\"Resource\":[\"arn:aws:secretsmanager:ap-south-1:637607366584:secret:shopping-bot/*\"]}]}"
              }
            ],
            "managed_policy_arns": [
              "arn:aws:iam::aws:policy/service-role/AmazonECSTaskExecutionRolePolicy"
            ],
            "max_session_duration": 3600,
            "name": "shopbot-task-execution-role",
            "name_prefix": "",
            "path": "/",
            "permissions_boundary": "",
            "tags": {
              "Application": "shopbot",
              "Environment": "production"
            },
            "tags_all": {
              "Application": "shopbot",
              "Environment": "production"
            },
            "unique_id": "AROAZI5C4J64AQRF3S47M"
          },
          "sensitive_attributes": [],
          "private": "bnVsbA=="
        }
      ]
    },
    {
      "mode": "managed",
      "type": "aws_iam_role_policy",
      "name": "cloudwatch_logs",
      "provider": "provider[\"registry.terraform.io/hashicorp/aws\"]",
      "instances": [
        {
          "schema_version": 0,
          "attributes": {
            "id": "shopbot-task-role:shopbot-cloudwatch-logs-policy",
            "name": "shopbot-cloudwatch-logs-policy",
            "name_prefix": "",
            "policy": "{\"Version\":\"2012-10-17\",\"Statement\":[{\"Action\":[\"logs:CreateLogGroup\",\"logs:CreateLogStream\",\"logs:PutLogEvents\"],\"Effect\":\"Allow\",\"Resource\":\"*\"}]}",
            "role": "shopbot-task-role"
          },
          "sensitive_attributes": [],
          "private": "bnVsbA==",
          "dependencies": [
            "aws_iam_role.task"
          ]
        }
      ]
    },
    {
      "mode": "managed",
      "type": "aws_iam_role_policy",
      "name": "secrets_manager",
      "provider": "provider[\"registry.terraform.io/hashicorp/aws\"]",
      "instances": [
        {
          "schema_version": 0,
          "attributes": {
            "id": "shopbot-task-execution-role:shopbot-secrets-manager-policy",
            "name": "shopbot-secrets-manager-policy",
            "name_prefix": "",
            "policy": "{\"Version\":\"2012-10-17\",\"Statement\":[{\"Action\":[\"secretsmanager:GetSecretValue\"],\"Effect\":\"Allow\",\"Resource\":[\"arn:aws:secretsmanager:ap-south-1:637607366584:secret:shopping-bot/*\"]}]}",
            "role": "shopbot-task-execution-role"
          },
          "sensitive_attributes": [],
          "private": "bnVsbA==",
          "dependencies": [
            "aws_iam_role.task_execution"
          ]
        }
      ]
    },
    {
      "mode": "managed",
      "type": "aws_iam_role_policy_attachment",
      "name": "task_execution",
      "provider": "provider[\"registry.terraform.io/hashicorp/aws\"]",
      "instances": [
        {
          "schema_version": 0,
          "attributes": {
            "id": "shopbot-task-execution-role-20250924144428088600000003",
            "policy_arn": "arn:aws:iam::aws:policy/service-role/AmazonECSTaskExecutionRolePolicy",
            "role": "shopbot-task-execution-role"
          },
          "sensitive_attributes": [],
          "private": "bnVsbA==",
          "dependencies": [
            "aws_iam_role.task_execution"
          ]
        }
      ]
    },
    {
      "mode": "managed",
      "type": "aws_lb",
      "name": "app",
      "provider": "provider[\"registry.terraform.io/hashicorp/aws\"]",
      "instances": [
        {
          "schema_version": 0,
          "attributes": {
            "access_logs": [
              {
                "bucket": "",
                "enabled": false,
                "prefix": ""
              }
            ],
            "arn": "arn:aws:elasticloadbalancing:ap-south-1:637607366584:loadbalancer/app/shopbot-alb/a6bd08a96c5bfc49",
            "arn_suffix": "app/shopbot-alb/a6bd08a96c5bfc49",
            "client_keep_alive": 3600,
            "connection_logs": [
              {
                "bucket": "",
                "enabled": false,
                "prefix": ""
              }
            ],
            "customer_owned_ipv4_pool": "",
            "desync_mitigation_mode": "defensive",
            "dns_name": "shopbot-alb-955379436.ap-south-1.elb.amazonaws.com",
            "dns_record_client_routing_policy": null,
            "drop_invalid_header_fields": false,
            "enable_cross_zone_load_balancing": true,
            "enable_deletion_protection": false,
            "enable_http2": true,
            "enable_tls_version_and_cipher_suite_headers": false,
            "enable_waf_fail_open": false,
            "enable_xff_client_port": false,
            "enable_zonal_shift": false,
            "enforce_security_group_inbound_rules_on_private_link_traffic": "",
            "id": "arn:aws:elasticloadbalancing:ap-south-1:637607366584:loadbalancer/app/shopbot-alb/a6bd08a96c5bfc49",
            "idle_timeout": 60,
            "internal": false,
            "ip_address_type": "ipv4",
            "ipam_pools": [],
            "load_balancer_type": "application",
            "minimum_load_balancer_capacity": [],
            "name": "shopbot-alb",
            "name_prefix": "",
            "preserve_host_header": false,
            "security_groups": [
              "sg-03f5020a85b0c32a8"
            ],
            "subnet_mapping": [
              {
                "allocation_id": "",
                "ipv6_address": "",
                "outpost_id": "",
                "private_ipv4_address": "",
                "subnet_id": "subnet-031c9929ed76145cf"
              },
              {
                "allocation_id": "",
                "ipv6_address": "",
                "outpost_id": "",
                "private_ipv4_address": "",
                "subnet_id": "subnet-0dcfaa3354a8bb8f0"
              }
            ],
            "subnets": [
              "subnet-031c9929ed76145cf",
              "subnet-0dcfaa3354a8bb8f0"
            ],
            "tags": {
              "Application": "shopbot",
              "Environment": "production"
            },
            "tags_all": {
              "Application": "shopbot",
              "Environment": "production"
            },
            "timeouts": null,
            "vpc_id": "vpc-0d94271c1a82d47fb",
            "xff_header_processing_mode": "append",
            "zone_id": "ZP97RAFLXTNZK"
          },
          "sensitive_attributes": [],
          "private": "eyJlMmJmYjczMC1lY2FhLTExZTYtOGY4OC0zNDM2M2JjN2M0YzAiOnsiY3JlYXRlIjo2MDAwMDAwMDAwMDAsImRlbGV0ZSI6NjAwMDAwMDAwMDAwLCJ1cGRhdGUiOjYwMDAwMDAwMDAwMH19",
          "dependencies": [
            "aws_security_group.alb",
            "data.aws_availability_zones.available",
            "data.aws_subnets.alb_subnets",
            "data.aws_vpc.default"
          ]
        }
      ]
    },
    {
      "mode": "managed",
      "type": "aws_lb_listener",
      "name": "http",
      "provider": "provider[\"registry.terraform.io/hashicorp/aws\"]",
      "instances": [
        {
          "schema_version": 0,
          "attributes": {
            "alpn_policy": null,
            "arn": "arn:aws:elasticloadbalancing:ap-south-1:637607366584:listener/app/shopbot-alb/a6bd08a96c5bfc49/20d6aeeab7952b52",
            "certificate_arn": null,
            "default_action": [
              {
                "authenticate_cognito": [],
                "authenticate_oidc": [],
                "fixed_response": [],
                "forward": [],
                "order": 1,
                "redirect": [],
                "target_group_arn": "arn:aws:elasticloadbalancing:ap-south-1:637607366584:targetgroup/shopbot-tg/e64d87a686fc4fe9",
                "type": "forward"
              }
            ],
            "id": "arn:aws:elasticloadbalancing:ap-south-1:637607366584:listener/app/shopbot-alb/a6bd08a96c5bfc49/20d6aeeab7952b52",
            "load_balancer_arn": "arn:aws:elasticloadbalancing:ap-south-1:637607366584:loadbalancer/app/shopbot-alb/a6bd08a96c5bfc49",
            "mutual_authentication": [],
            "port": 80,
            "protocol": "HTTP",
            "routing_http_request_x_amzn_mtls_clientcert_header_name": null,
            "routing_http_request_x_amzn_mtls_clientcert_issuer_header_name": null,
            "routing_http_request_x_amzn_mtls_clientcert_leaf_header_name": null,
            "routing_http_request_x_amzn_mtls_clientcert_serial_number_header_name": null,
            "routing_http_request_x_amzn_mtls_clientcert_subject_header_name": null,
            "routing_http_request_x_amzn_mtls_clientcert_validity_header_name": null,
            "routing_http_request_x_amzn_tls_cipher_suite_header_name": null,
            "routing_http_request_x_amzn_tls_version_header_name": null,
            "routing_http_response_access_control_allow_credentials_header_value": "",
            "routing_http_response_access_control_allow_headers_header_value": "",
            "routing_http_response_access_control_allow_methods_header_value": "",
            "routing_http_response_access_control_allow_origin_header_value": "",
            "routing_http_response_access_control_expose_headers_header_value": "",
            "routing_http_response_access_control_max_age_header_value": "",
            "routing_http_response_content_security_policy_header_value": "",
            "routing_http_response_server_enabled": true,
            "routing_http_response_strict_transport_security_header_value": "",
            "routing_http_response_x_content_type_options_header_value": "",
            "routing_http_response_x_frame_options_header_value": "",
            "ssl_policy": "",
            "tags": {},
            "tags_all": {},
            "tcp_idle_timeout_seconds": null,
            "timeouts": null
          },
          "sensitive_attributes": [],
          "private": "eyJlMmJmYjczMC1lY2FhLTExZTYtOGY4OC0zNDM2M2JjN2M0YzAiOnsiY3JlYXRlIjozMDAwMDAwMDAwMDAsInVwZGF0ZSI6MzAwMDAwMDAwMDAwfX0=",
          "dependencies": [
            "aws_lb.app",
            "aws_lb_target_group.app",
            "aws_security_group.alb",
            "data.aws_availability_zones.available",
            "data.aws_subnets.alb_subnets",
            "data.aws_vpc.default"
          ]
        }
      ]
    },
    {
      "mode": "managed",
      "type": "aws_lb_target_group",
      "name": "app",
      "provider": "provider[\"registry.terraform.io/hashicorp/aws\"]",
      "instances": [
        {
          "schema_version": 0,
          "attributes": {
            "arn": "arn:aws:elasticloadbalancing:ap-south-1:637607366584:targetgroup/shopbot-tg/e64d87a686fc4fe9",
            "arn_suffix": "targetgroup/shopbot-tg/e64d87a686fc4fe9",
            "connection_termination": null,
            "deregistration_delay": "300",
            "health_check": [
              {
                "enabled": true,
                "healthy_threshold": 2,
                "interval": 30,
                "matcher": "200",
                "path": "/health",
                "port": "traffic-port",
                "protocol": "HTTP",
                "timeout": 5,
                "unhealthy_threshold": 3
              }
            ],
            "id": "arn:aws:elasticloadbalancing:ap-south-1:637607366584:targetgroup/shopbot-tg/e64d87a686fc4fe9",
            "ip_address_type": "ipv4",
            "lambda_multi_value_headers_enabled": false,
            "load_balancer_arns": [
              "arn:aws:elasticloadbalancing:ap-south-1:637607366584:loadbalancer/app/shopbot-alb/a6bd08a96c5bfc49"
            ],
            "load_balancing_algorithm_type": "round_robin",
            "load_balancing_anomaly_mitigation": "off",
            "load_balancing_cross_zone_enabled": "use_load_balancer_configuration",
            "name": "shopbot-tg",
            "name_prefix": "",
            "port": 8000,
            "preserve_client_ip": null,
            "protocol": "HTTP",
            "protocol_version": "HTTP1",
            "proxy_protocol_v2": false,
            "slow_start": 0,
            "stickiness": [
              {
                "cookie_duration": 86400,
                "cookie_name": "",
                "enabled": false,
                "type": "lb_cookie"
              }
            ],
            "tags": {
              "Application": "shopbot",
              "Environment": "production"
            },
            "tags_all": {
              "Application": "shopbot",
              "Environment": "production"
            },
            "target_failover": [
              {
                "on_deregistration": null,
                "on_unhealthy": null
              }
            ],
            "target_group_health": [
              {
                "dns_failover": [
                  {
                    "minimum_healthy_targets_count": "1",
                    "minimum_healthy_targets_percentage": "off"
                  }
                ],
                "unhealthy_state_routing": [
                  {
                    "minimum_healthy_targets_count": 1,
                    "minimum_healthy_targets_percentage": "off"
                  }
                ]
              }
            ],
            "target_health_state": [
              {
                "enable_unhealthy_connection_termination": null,
                "unhealthy_draining_interval": null
              }
            ],
            "target_type": "ip",
            "vpc_id": "vpc-0d94271c1a82d47fb"
          },
          "sensitive_attributes": [],
          "private": "bnVsbA==",
          "dependencies": [
            "data.aws_vpc.default"
          ]
        }
      ]
    },
    {
      "mode": "managed",
      "type": "aws_security_group",
      "name": "alb",
      "provider": "provider[\"registry.terraform.io/hashicorp/aws\"]",
      "instances": [
        {
          "schema_version": 1,
          "attributes": {
            "arn": "arn:aws:ec2:ap-south-1:637607366584:security-group/sg-03f5020a85b0c32a8",
            "description": "Managed by Terraform",
            "egress": [
              {
                "cidr_blocks": [
                  "0.0.0.0/0"
                ],
                "description": "",
                "from_port": 0,
                "ipv6_cidr_blocks": [],
                "prefix_list_ids": [],
                "protocol": "-1",
                "security_groups": [],
                "self": false,
                "to_port": 0
              }
            ],
            "id": "sg-03f5020a85b0c32a8",
            "ingress": [
              {
                "cidr_blocks": [
                  "0.0.0.0/0"
                ],
                "description": "",
                "from_port": 443,
                "ipv6_cidr_blocks": [],
                "prefix_list_ids": [],
                "protocol": "tcp",
                "security_groups": [],
                "self": false,
                "to_port": 443
              },
              {
                "cidr_blocks": [
                  "0.0.0.0/0"
                ],
                "description": "",
                "from_port": 80,
                "ipv6_cidr_blocks": [],
                "prefix_list_ids": [],
                "protocol": "tcp",
                "security_groups": [],
                "self": false,
                "to_port": 80
              }
            ],
            "name": "shopbot-alb-20250924144425472600000001",
            "name_prefix": "shopbot-alb-",
            "owner_id": "637607366584",
            "revoke_rules_on_delete": false,
            "tags": {
              "Application": "shopbot",
              "Environment": "production",
              "Name": "shopbot-alb-sg"
            },
            "tags_all": {
              "Application": "shopbot",
              "Environment": "production",
              "Name": "shopbot-alb-sg"
            },
            "timeouts": null,
            "vpc_id": "vpc-0d94271c1a82d47fb"
          },
          "sensitive_attributes": [],
          "private": "eyJlMmJmYjczMC1lY2FhLTExZTYtOGY4OC0zNDM2M2JjN2M0YzAiOnsiY3JlYXRlIjo2MDAwMDAwMDAwMDAsImRlbGV0ZSI6OTAwMDAwMDAwMDAwfSwic2NoZW1hX3ZlcnNpb24iOiIxIn0=",
          "dependencies": [
            "data.aws_vpc.default"
          ]
        }
      ]
    },
    {
      "mode": "managed",
      "type": "aws_security_group",
      "name": "ecs",
      "provider": "provider[\"registry.terraform.io/hashicorp/aws\"]",
      "instances": [
        {
          "schema_version": 1,
          "attributes": {
            "arn": "arn:aws:ec2:ap-south-1:637607366584:security-group/sg-0d8ddc709149811da",
            "description": "Managed by Terraform",
            "egress": [
              {
                "cidr_blocks": [
                  "0.0.0.0/0"
                ],
                "description": null,
                "from_port": 0,
                "ipv6_cidr_blocks": [],
                "prefix_list_ids": [],
                "protocol": "-1",
                "security_groups": [],
                "self": false,
                "to_port": 0
              }
            ],
            "id": "sg-0d8ddc709149811da",
            "ingress": [
              {
                "cidr_blocks": [
                  "0.0.0.0/0"
                ],
                "description": "SSH access for debugging",
                "from_port": 22,
                "ipv6_cidr_blocks": [],
                "prefix_list_ids": [],
                "protocol": "tcp",
                "security_groups": [],
                "self": false,
                "to_port": 22
              },
              {
                "cidr_blocks": [],
                "description": "",
                "from_port": 8000,
                "ipv6_cidr_blocks": [],
                "prefix_list_ids": [],
                "protocol": "tcp",
                "security_groups": [
                  "sg-03f5020a85b0c32a8"
                ],
                "self": false,
                "to_port": 8000
              }
            ],
            "name": "shopbot-ecs-20250924144427928800000002",
            "name_prefix": "shopbot-ecs-",
            "owner_id": "637607366584",
            "revoke_rules_on_delete": false,
            "tags": {
              "Application": "shopbot",
              "Environment": "production",
              "Name": "shopbot-ecs-sg"
            },
            "tags_all": {
              "Application": "shopbot",
              "Environment": "production",
              "Name": "shopbot-ecs-sg"
            },
            "timeouts": null,
            "vpc_id": "vpc-0d94271c1a82d47fb"
          },
          "sensitive_attributes": [],
          "private": "eyJlMmJmYjczMC1lY2FhLTExZTYtOGY4OC0zNDM2M2JjN2M0YzAiOnsiY3JlYXRlIjo2MDAwMDAwMDAwMDAsImRlbGV0ZSI6OTAwMDAwMDAwMDAwfSwic2NoZW1hX3ZlcnNpb24iOiIxIn0=",
          "dependencies": [
            "aws_security_group.alb",
            "data.aws_vpc.default"
          ]
        }
      ]
    }
  ],
  "check_results": null
}
